
Microsoft Visual Studio Solution File, Format Version 12.00
# Visual Studio Version 17
VisualStudioVersion = 17.12.35707.178
MinimumVisualStudioVersion = 10.0.40219.1
Project("{FAE04EC0-301F-11D3-BF4B-00C04F79EFBC}") = "SimpleObjectComparer", "SimpleObjectComparer\SimpleObjectComparer.csproj", "{3FCAECE8-21C2-4CFC-97D3-0BE9E4A9EE57}"
EndProject
Project("{FAE04EC0-301F-11D3-BF4B-00C04F79EFBC}") = "SimpleObjectComparer.Tests", "SimpleObjectComparer.Tests\SimpleObjectComparer.Tests.csproj", "{43A3159A-49BC-4A5A-8F13-EF7F738ABAAC}"
EndProject
Global
	GlobalSection(SolutionConfigurationPlatforms) = preSolution
		Debug|Any CPU = Debug|Any CPU
		Release|Any CPU = Release|Any CPU
	EndGlobalSection
	GlobalSection(ProjectConfigurationPlatforms) = postSolution
		{3FCAECE8-21C2-4CFC-97D3-0BE9E4A9EE57}.Debug|Any CPU.ActiveCfg = Debug|Any CPU
		{3FCAECE8-21C2-4CFC-97D3-0BE9E4A9EE57}.Debug|Any CPU.Build.0 = Debug|Any CPU
		{3FCAECE8-21C2-4CFC-97D3-0BE9E4A9EE57}.Release|Any CPU.ActiveCfg = Release|Any CPU
		{3FCAECE8-21C2-4CFC-97D3-0BE9E4A9EE57}.Release|Any CPU.Build.0 = Release|Any CPU
		{43A3159A-49BC-4A5A-8F13-EF7F738ABAAC}.Debug|Any CPU.ActiveCfg = Debug|Any CPU
		{43A3159A-49BC-4A5A-8F13-EF7F738ABAAC}.Debug|Any CPU.Build.0 = Debug|Any CPU
		{43A3159A-49BC-4A5A-8F13-EF7F738ABAAC}.Release|Any CPU.ActiveCfg = Release|Any CPU
		{43A3159A-49BC-4A5A-8F13-EF7F738ABAAC}.Release|Any CPU.Build.0 = Release|Any CPU
	EndGlobalSection
	GlobalSection(SolutionProperties) = preSolution
		HideSolutionNode = FALSE
	EndGlobalSection
EndGlobal
